
Microsoft Visual Studio Solution File, Format Version 12.00
# Visual Studio 15
VisualStudioVersion = 15.0.26228.9
MinimumVisualStudioVersion = 10.0.40219.1
Project("{9A19103F-16F7-4668-BE54-9A1E7A4F7556}") = "HappyKids", "HappyKids\HappyKids.csproj", "{DDA4643C-DE80-4D92-9E89-D2BBE07BA557}"
EndProject
Project("{9A19103F-16F7-4668-BE54-9A1E7A4F7556}") = "MongoIdentity", "MongoIdentity\MongoIdentity.csproj", "{91249946-EDA7-4BFC-BD32-979BF632A356}"
EndProject
Project("{9A19103F-16F7-4668-BE54-9A1E7A4F7556}") = "HappyKids.Test", "HappyKids.Test\HappyKids.Test.csproj", "{AC416DE5-5AEC-48CE-BC21-AA0DF0175452}"
EndProject
Global
	GlobalSection(SolutionConfigurationPlatforms) = preSolution
		Debug|Any CPU = Debug|Any CPU
		Release|Any CPU = Release|Any CPU
	EndGlobalSection
	GlobalSection(ProjectConfigurationPlatforms) = postSolution
		{DDA4643C-DE80-4D92-9E89-D2BBE07BA557}.Debug|Any CPU.ActiveCfg = Debug|Any CPU
		{DDA4643C-DE80-4D92-9E89-D2BBE07BA557}.Debug|Any CPU.Build.0 = Debug|Any CPU
		{DDA4643C-DE80-4D92-9E89-D2BBE07BA557}.Release|Any CPU.ActiveCfg = Release|Any CPU
		{DDA4643C-DE80-4D92-9E89-D2BBE07BA557}.Release|Any CPU.Build.0 = Release|Any CPU
		{91249946-EDA7-4BFC-BD32-979BF632A356}.Debug|Any CPU.ActiveCfg = Debug|Any CPU
		{91249946-EDA7-4BFC-BD32-979BF632A356}.Debug|Any CPU.Build.0 = Debug|Any CPU
		{91249946-EDA7-4BFC-BD32-979BF632A356}.Release|Any CPU.ActiveCfg = Release|Any CPU
		{91249946-EDA7-4BFC-BD32-979BF632A356}.Release|Any CPU.Build.0 = Release|Any CPU
		{AC416DE5-5AEC-48CE-BC21-AA0DF0175452}.Debug|Any CPU.ActiveCfg = Debug|Any CPU
		{AC416DE5-5AEC-48CE-BC21-AA0DF0175452}.Debug|Any CPU.Build.0 = Debug|Any CPU
		{AC416DE5-5AEC-48CE-BC21-AA0DF0175452}.Release|Any CPU.ActiveCfg = Release|Any CPU
		{AC416DE5-5AEC-48CE-BC21-AA0DF0175452}.Release|Any CPU.Build.0 = Release|Any CPU
	EndGlobalSection
	GlobalSection(SolutionProperties) = preSolution
		HideSolutionNode = FALSE
	EndGlobalSection
EndGlobal
